
Microsoft Visual Studio Solution File, Format Version 12.00
# Visual Studio Version 17
VisualStudioVersion = 17.5.002.0
MinimumVisualStudioVersion = 10.0.40219.1
Project("{9A19103F-16F7-4668-BE54-9A1E7A4F7556}") = "FakeSocialAPI", "FakeSocialAPI.csproj", "{B9E80B68-016B-477A-8DF2-0CF33031713B}"
EndProject
Global
	GlobalSection(SolutionConfigurationPlatforms) = preSolution
		Debug|Any CPU = Debug|Any CPU
		Release|Any CPU = Release|Any CPU
	EndGlobalSection
	GlobalSection(ProjectConfigurationPlatforms) = postSolution
		{B9E80B68-016B-477A-8DF2-0CF33031713B}.Debug|Any CPU.ActiveCfg = Debug|Any CPU
		{B9E80B68-016B-477A-8DF2-0CF33031713B}.Debug|Any CPU.Build.0 = Debug|Any CPU
		{B9E80B68-016B-477A-8DF2-0CF33031713B}.Release|Any CPU.ActiveCfg = Release|Any CPU
		{B9E80B68-016B-477A-8DF2-0CF33031713B}.Release|Any CPU.Build.0 = Release|Any CPU
	EndGlobalSection
	GlobalSection(SolutionProperties) = preSolution
		HideSolutionNode = FALSE
	EndGlobalSection
	GlobalSection(ExtensibilityGlobals) = postSolution
		SolutionGuid = {82AD8AA3-2680-4D16-B5CA-B49A63231C6E}
	EndGlobalSection
EndGlobal
